
Microsoft Visual Studio Solution File, Format Version 12.00
# Visual Studio Version 16
VisualStudioVersion = 16.0.31624.102
MinimumVisualStudioVersion = 10.0.40219.1
Project("{FAE04EC0-301F-11D3-BF4B-00C04F79EFBC}") = "AddressBookServiceADO.Net", "AddressBookServiceADO.Net\AddressBookServiceADO.Net.csproj", "{AE7D3AE8-7088-4FC0-9C38-E9010024BB30}"
EndProject
Global
	GlobalSection(SolutionConfigurationPlatforms) = preSolution
		Debug|Any CPU = Debug|Any CPU
		Release|Any CPU = Release|Any CPU
	EndGlobalSection
	GlobalSection(ProjectConfigurationPlatforms) = postSolution
		{AE7D3AE8-7088-4FC0-9C38-E9010024BB30}.Debug|Any CPU.ActiveCfg = Debug|Any CPU
		{AE7D3AE8-7088-4FC0-9C38-E9010024BB30}.Debug|Any CPU.Build.0 = Debug|Any CPU
		{AE7D3AE8-7088-4FC0-9C38-E9010024BB30}.Release|Any CPU.ActiveCfg = Release|Any CPU
		{AE7D3AE8-7088-4FC0-9C38-E9010024BB30}.Release|Any CPU.Build.0 = Release|Any CPU
	EndGlobalSection
	GlobalSection(SolutionProperties) = preSolution
		HideSolutionNode = FALSE
	EndGlobalSection
	GlobalSection(ExtensibilityGlobals) = postSolution
		SolutionGuid = {F43EE77C-60AD-4C90-A03F-C38C6C1E444C}
	EndGlobalSection
EndGlobal
